// !$*UTF8*$!
{
	archiveVersion = 1;
	classes = {
	};
	objectVersion = 56;
	objects = {

/* Begin PBXBuildFile section */
		038BA911297ECDA600F89CE8 /* Colors.swift in Sources */ = {isa = PBXBuildFile; fileRef = 038BA910297ECDA600F89CE8 /* Colors.swift */; };
		03A5107C29737926009AE1B2 /* MapViewController.swift in Sources */ = {isa = PBXBuildFile; fileRef = 03A5107A29737926009AE1B2 /* MapViewController.swift */; };
		03A5107D29737926009AE1B2 /* MapViewController.xib in Resources */ = {isa = PBXBuildFile; fileRef = 03A5107B29737926009AE1B2 /* MapViewController.xib */; };
		03A5108029741A6F009AE1B2 /* ImagePickerManagerHelper.swift in Sources */ = {isa = PBXBuildFile; fileRef = 03A5107F29741A6F009AE1B2 /* ImagePickerManagerHelper.swift */; };
		03A5108229759B05009AE1B2 /* CustomDashedViewHelper.swift in Sources */ = {isa = PBXBuildFile; fileRef = 03A5108129759B05009AE1B2 /* CustomDashedViewHelper.swift */; };
		03B4E0A1296EAD470020B465 /* AppDelegate.swift in Sources */ = {isa = PBXBuildFile; fileRef = 03B4E0A0296EAD470020B465 /* AppDelegate.swift */; };
		03B4E0A3296EAD470020B465 /* SceneDelegate.swift in Sources */ = {isa = PBXBuildFile; fileRef = 03B4E0A2296EAD470020B465 /* SceneDelegate.swift */; };
		03B4E0A5296EAD470020B465 /* ViewController.swift in Sources */ = {isa = PBXBuildFile; fileRef = 03B4E0A4296EAD470020B465 /* ViewController.swift */; };
		03B4E0A8296EAD470020B465 /* Main.storyboard in Resources */ = {isa = PBXBuildFile; fileRef = 03B4E0A6296EAD470020B465 /* Main.storyboard */; };
		03B4E0AA296EAD490020B465 /* Assets.xcassets in Resources */ = {isa = PBXBuildFile; fileRef = 03B4E0A9296EAD490020B465 /* Assets.xcassets */; };
		03B4E0AD296EAD490020B465 /* LaunchScreen.storyboard in Resources */ = {isa = PBXBuildFile; fileRef = 03B4E0AB296EAD490020B465 /* LaunchScreen.storyboard */; };
		03C1F9BD29775CBC003FAD7C /* CustomeAlert.xib in Resources */ = {isa = PBXBuildFile; fileRef = 03C1F9BB29775CBC003FAD7C /* CustomeAlert.xib */; };
		03C1F9BE29775CBC003FAD7C /* CustomeAlert.swift in Sources */ = {isa = PBXBuildFile; fileRef = 03C1F9BC29775CBC003FAD7C /* CustomeAlert.swift */; };
/* End PBXBuildFile section */

/* Begin PBXFileReference section */
		038BA910297ECDA600F89CE8 /* Colors.swift */ = {isa = PBXFileReference; lastKnownFileType = sourcecode.swift; path = Colors.swift; sourceTree = "<group>"; };
		03A5107A29737926009AE1B2 /* MapViewController.swift */ = {isa = PBXFileReference; lastKnownFileType = sourcecode.swift; path = MapViewController.swift; sourceTree = "<group>"; };
		03A5107B29737926009AE1B2 /* MapViewController.xib */ = {isa = PBXFileReference; lastKnownFileType = file.xib; path = MapViewController.xib; sourceTree = "<group>"; };
		03A5107F29741A6F009AE1B2 /* ImagePickerManagerHelper.swift */ = {isa = PBXFileReference; lastKnownFileType = sourcecode.swift; path = ImagePickerManagerHelper.swift; sourceTree = "<group>"; };
		03A5108129759B05009AE1B2 /* CustomDashedViewHelper.swift */ = {isa = PBXFileReference; lastKnownFileType = sourcecode.swift; path = CustomDashedViewHelper.swift; sourceTree = "<group>"; };
		03B4E09D296EAD470020B465 /* ScanAddressAndValidationRealTime.app */ = {isa = PBXFileReference; explicitFileType = wrapper.application; includeInIndex = 0; path = ScanAddressAndValidationRealTime.app; sourceTree = BUILT_PRODUCTS_DIR; };
		03B4E0A0296EAD470020B465 /* AppDelegate.swift */ = {isa = PBXFileReference; lastKnownFileType = sourcecode.swift; path = AppDelegate.swift; sourceTree = "<group>"; };
		03B4E0A2296EAD470020B465 /* SceneDelegate.swift */ = {isa = PBXFileReference; lastKnownFileType = sourcecode.swift; path = SceneDelegate.swift; sourceTree = "<group>"; };
		03B4E0A4296EAD470020B465 /* ViewController.swift */ = {isa = PBXFileReference; lastKnownFileType = sourcecode.swift; path = ViewController.swift; sourceTree = "<group>"; };
		03B4E0A7296EAD470020B465 /* Base */ = {isa = PBXFileReference; lastKnownFileType = file.storyboard; name = Base; path = Base.lproj/Main.storyboard; sourceTree = "<group>"; };
		03B4E0A9296EAD490020B465 /* Assets.xcassets */ = {isa = PBXFileReference; lastKnownFileType = folder.assetcatalog; path = Assets.xcassets; sourceTree = "<group>"; };
		03B4E0AC296EAD490020B465 /* Base */ = {isa = PBXFileReference; lastKnownFileType = file.storyboard; name = Base; path = Base.lproj/LaunchScreen.storyboard; sourceTree = "<group>"; };
		03B4E0AE296EAD490020B465 /* Info.plist */ = {isa = PBXFileReference; lastKnownFileType = text.plist.xml; path = Info.plist; sourceTree = "<group>"; };
		03C1F9BB29775CBC003FAD7C /* CustomeAlert.xib */ = {isa = PBXFileReference; fileEncoding = 4; lastKnownFileType = file.xib; path = CustomeAlert.xib; sourceTree = "<group>"; };
		03C1F9BC29775CBC003FAD7C /* CustomeAlert.swift */ = {isa = PBXFileReference; fileEncoding = 4; lastKnownFileType = sourcecode.swift; path = CustomeAlert.swift; sourceTree = "<group>"; };
/* End PBXFileReference section */

/* Begin PBXFrameworksBuildPhase section */
		03B4E09A296EAD470020B465 /* Frameworks */ = {
			isa = PBXFrameworksBuildPhase;
			buildActionMask = 2147483647;
			files = (
			);
			runOnlyForDeploymentPostprocessing = 0;
		};
/* End PBXFrameworksBuildPhase section */

/* Begin PBXGroup section */
		03A5106F29735B50009AE1B2 /* App */ = {
			isa = PBXGroup;
			children = (
				03B4E0A2296EAD470020B465 /* SceneDelegate.swift */,
				03B4E0A0296EAD470020B465 /* AppDelegate.swift */,
			);
			path = App;
			sourceTree = "<group>";
		};
		03A5107129735B6E009AE1B2 /* Modules */ = {
			isa = PBXGroup;
			children = (
				03A5107229735B8B009AE1B2 /* MainModule */,
				03A5107929736FCF009AE1B2 /* MapViewModule */,
			);
			path = Modules;
			sourceTree = "<group>";
		};
		03A5107229735B8B009AE1B2 /* MainModule */ = {
			isa = PBXGroup;
			children = (
				03B4E0A4296EAD470020B465 /* ViewController.swift */,
				03B4E0A6296EAD470020B465 /* Main.storyboard */,
			);
			path = MainModule;
			sourceTree = "<group>";
		};
		03A5107429735C05009AE1B2 /* Resources */ = {
			isa = PBXGroup;
			children = (
				03B4E0AB296EAD490020B465 /* LaunchScreen.storyboard */,
				03B4E0A9296EAD490020B465 /* Assets.xcassets */,
			);
			path = Resources;
			sourceTree = "<group>";
		};
		03A5107929736FCF009AE1B2 /* MapViewModule */ = {
			isa = PBXGroup;
			children = (
				03A5107A29737926009AE1B2 /* MapViewController.swift */,
				03A5107B29737926009AE1B2 /* MapViewController.xib */,
			);
			path = MapViewModule;
			sourceTree = "<group>";
		};
		03A5107E29741A13009AE1B2 /* Helpers */ = {
			isa = PBXGroup;
			children = (
				03A5107F29741A6F009AE1B2 /* ImagePickerManagerHelper.swift */,
				03A5108129759B05009AE1B2 /* CustomDashedViewHelper.swift */,
				038BA910297ECDA600F89CE8 /* Colors.swift */,
			);
			path = Helpers;
			sourceTree = "<group>";
		};
		03B4E094296EAD470020B465 = {
			isa = PBXGroup;
			children = (
				03B4E09F296EAD470020B465 /* ScanAddressAndValidationRealTime */,
				03B4E09E296EAD470020B465 /* Products */,
			);
			sourceTree = "<group>";
		};
		03B4E09E296EAD470020B465 /* Products */ = {
			isa = PBXGroup;
			children = (
				03B4E09D296EAD470020B465 /* ScanAddressAndValidationRealTime.app */,
			);
			name = Products;
			sourceTree = "<group>";
		};
		03B4E09F296EAD470020B465 /* ScanAddressAndValidationRealTime */ = {
			isa = PBXGroup;
			children = (
				03A5106F29735B50009AE1B2 /* App */,
				03A5107129735B6E009AE1B2 /* Modules */,
				03A5107E29741A13009AE1B2 /* Helpers */,
				03C1F9B5297755C3003FAD7C /* CustomViews */,
				03A5107429735C05009AE1B2 /* Resources */,
				03B4E0AE296EAD490020B465 /* Info.plist */,
			);
			path = ScanAddressAndValidationRealTime;
			sourceTree = "<group>";
		};
		03C1F9B5297755C3003FAD7C /* CustomViews */ = {
			isa = PBXGroup;
			children = (
				03C1F9B6297755E0003FAD7C /* CustomAlert */,
			);
			path = CustomViews;
			sourceTree = "<group>";
		};
		03C1F9B6297755E0003FAD7C /* CustomAlert */ = {
			isa = PBXGroup;
			children = (
				03C1F9BC29775CBC003FAD7C /* CustomeAlert.swift */,
				03C1F9BB29775CBC003FAD7C /* CustomeAlert.xib */,
			);
			path = CustomAlert;
			sourceTree = "<group>";
		};
/* End PBXGroup section */

/* Begin PBXNativeTarget section */
		03B4E09C296EAD470020B465 /* ScanAddressAndValidationRealTime */ = {
			isa = PBXNativeTarget;
			buildConfigurationList = 03B4E0B1296EAD490020B465 /* Build configuration list for PBXNativeTarget "ScanAddressAndValidationRealTime" */;
			buildPhases = (
				03B4E099296EAD470020B465 /* Sources */,
				03B4E09A296EAD470020B465 /* Frameworks */,
				03B4E09B296EAD470020B465 /* Resources */,
			);
			buildRules = (
			);
			dependencies = (
			);
			name = ScanAddressAndValidationRealTime;
			productName = ScanAddressAndValidationRealTime;
			productReference = 03B4E09D296EAD470020B465 /* ScanAddressAndValidationRealTime.app */;
			productType = "com.apple.product-type.application";
		};
/* End PBXNativeTarget section */

/* Begin PBXProject section */
		03B4E095296EAD470020B465 /* Project object */ = {
			isa = PBXProject;
			attributes = {
				BuildIndependentTargetsInParallel = 1;
				LastSwiftUpdateCheck = 1410;
				LastUpgradeCheck = 1410;
				TargetAttributes = {
					03B4E09C296EAD470020B465 = {
						CreatedOnToolsVersion = 14.1;
					};
				};
			};
			buildConfigurationList = 03B4E098296EAD470020B465 /* Build configuration list for PBXProject "ScanAddressAndValidationRealTime" */;
			compatibilityVersion = "Xcode 14.0";
			developmentRegion = en;
			hasScannedForEncodings = 0;
			knownRegions = (
				en,
				Base,
			);
			mainGroup = 03B4E094296EAD470020B465;
			productRefGroup = 03B4E09E296EAD470020B465 /* Products */;
			projectDirPath = "";
			projectRoot = "";
			targets = (
				03B4E09C296EAD470020B465 /* ScanAddressAndValidationRealTime */,
			);
		};
/* End PBXProject section */

/* Begin PBXResourcesBuildPhase section */
		03B4E09B296EAD470020B465 /* Resources */ = {
			isa = PBXResourcesBuildPhase;
			buildActionMask = 2147483647;
			files = (
				03B4E0AD296EAD490020B465 /* LaunchScreen.storyboard in Resources */,
				03B4E0AA296EAD490020B465 /* Assets.xcassets in Resources */,
				03B4E0A8296EAD470020B465 /* Main.storyboard in Resources */,
				03C1F9BD29775CBC003FAD7C /* CustomeAlert.xib in Resources */,
				03A5107D29737926009AE1B2 /* MapViewController.xib in Resources */,
			);
			runOnlyForDeploymentPostprocessing = 0;
		};
/* End PBXResourcesBuildPhase section */

/* Begin PBXSourcesBuildPhase section */
		03B4E099296EAD470020B465 /* Sources */ = {
			isa = PBXSourcesBuildPhase;
			buildActionMask = 2147483647;
			files = (
				03A5108229759B05009AE1B2 /* CustomDashedViewHelper.swift in Sources */,
				038BA911297ECDA600F89CE8 /* Colors.swift in Sources */,
				03B4E0A5296EAD470020B465 /* ViewController.swift in Sources */,
				03B4E0A1296EAD470020B465 /* AppDelegate.swift in Sources */,
				03B4E0A3296EAD470020B465 /* SceneDelegate.swift in Sources */,
				03A5108029741A6F009AE1B2 /* ImagePickerManagerHelper.swift in Sources */,
				03A5107C29737926009AE1B2 /* MapViewController.swift in Sources */,
				03C1F9BE29775CBC003FAD7C /* CustomeAlert.swift in Sources */,
			);
			runOnlyForDeploymentPostprocessing = 0;
		};
/* End PBXSourcesBuildPhase section */

/* Begin PBXVariantGroup section */
		03B4E0A6296EAD470020B465 /* Main.storyboard */ = {
			isa = PBXVariantGroup;
			children = (
				03B4E0A7296EAD470020B465 /* Base */,
			);
			name = Main.storyboard;
			sourceTree = "<group>";
		};
		03B4E0AB296EAD490020B465 /* LaunchScreen.storyboard */ = {
			isa = PBXVariantGroup;
			children = (
				03B4E0AC296EAD490020B465 /* Base */,
			);
			name = LaunchScreen.storyboard;
			sourceTree = "<group>";
		};
/* End PBXVariantGroup section */

/* Begin XCBuildConfiguration section */
		03B4E0AF296EAD490020B465 /* Debug */ = {
			isa = XCBuildConfiguration;
			buildSettings = {
				ALWAYS_SEARCH_USER_PATHS = NO;
				CLANG_ANALYZER_NONNULL = YES;
				CLANG_ANALYZER_NUMBER_OBJECT_CONVERSION = YES_AGGRESSIVE;
				CLANG_CXX_LANGUAGE_STANDARD = "gnu++20";
				CLANG_ENABLE_MODULES = YES;
				CLANG_ENABLE_OBJC_ARC = YES;
				CLANG_ENABLE_OBJC_WEAK = YES;
				CLANG_WARN_BLOCK_CAPTURE_AUTORELEASING = YES;
				CLANG_WARN_BOOL_CONVERSION = YES;
				CLANG_WARN_COMMA = YES;
				CLANG_WARN_CONSTANT_CONVERSION = YES;
				CLANG_WARN_DEPRECATED_OBJC_IMPLEMENTATIONS = YES;
				CLANG_WARN_DIRECT_OBJC_ISA_USAGE = YES_ERROR;
				CLANG_WARN_DOCUMENTATION_COMMENTS = YES;
				CLANG_WARN_EMPTY_BODY = YES;
				CLANG_WARN_ENUM_CONVERSION = YES;
				CLANG_WARN_INFINITE_RECURSION = YES;
				CLANG_WARN_INT_CONVERSION = YES;
				CLANG_WARN_NON_LITERAL_NULL_CONVERSION = YES;
				CLANG_WARN_OBJC_IMPLICIT_RETAIN_SELF = YES;
				CLANG_WARN_OBJC_LITERAL_CONVERSION = YES;
				CLANG_WARN_OBJC_ROOT_CLASS = YES_ERROR;
				CLANG_WARN_QUOTED_INCLUDE_IN_FRAMEWORK_HEADER = YES;
				CLANG_WARN_RANGE_LOOP_ANALYSIS = YES;
				CLANG_WARN_STRICT_PROTOTYPES = YES;
				CLANG_WARN_SUSPICIOUS_MOVE = YES;
				CLANG_WARN_UNGUARDED_AVAILABILITY = YES_AGGRESSIVE;
				CLANG_WARN_UNREACHABLE_CODE = YES;
				CLANG_WARN__DUPLICATE_METHOD_MATCH = YES;
				COPY_PHASE_STRIP = NO;
				DEBUG_INFORMATION_FORMAT = dwarf;
				ENABLE_STRICT_OBJC_MSGSEND = YES;
				ENABLE_TESTABILITY = YES;
				GCC_C_LANGUAGE_STANDARD = gnu11;
				GCC_DYNAMIC_NO_PIC = NO;
				GCC_NO_COMMON_BLOCKS = YES;
				GCC_OPTIMIZATION_LEVEL = 0;
				GCC_PREPROCESSOR_DEFINITIONS = (
					"DEBUG=1",
					"$(inherited)",
				);
				GCC_WARN_64_TO_32_BIT_CONVERSION = YES;
				GCC_WARN_ABOUT_RETURN_TYPE = YES_ERROR;
				GCC_WARN_UNDECLARED_SELECTOR = YES;
				GCC_WARN_UNINITIALIZED_AUTOS = YES_AGGRESSIVE;
				GCC_WARN_UNUSED_FUNCTION = YES;
				GCC_WARN_UNUSED_VARIABLE = YES;
				IPHONEOS_DEPLOYMENT_TARGET = 16.1;
				MTL_ENABLE_DEBUG_INFO = INCLUDE_SOURCE;
				MTL_FAST_MATH = YES;
				ONLY_ACTIVE_ARCH = YES;
				SDKROOT = iphoneos;
				SWIFT_ACTIVE_COMPILATION_CONDITIONS = DEBUG;
				SWIFT_OPTIMIZATION_LEVEL = "-Onone";
			};
			name = Debug;
		};
		03B4E0B0296EAD490020B465 /* Release */ = {
			isa = XCBuildConfiguration;
			buildSettings = {
				ALWAYS_SEARCH_USER_PATHS = NO;
				CLANG_ANALYZER_NONNULL = YES;
				CLANG_ANALYZER_NUMBER_OBJECT_CONVERSION = YES_AGGRESSIVE;
				CLANG_CXX_LANGUAGE_STANDARD = "gnu++20";
				CLANG_ENABLE_MODULES = YES;
				CLANG_ENABLE_OBJC_ARC = YES;
				CLANG_ENABLE_OBJC_WEAK = YES;
				CLANG_WARN_BLOCK_CAPTURE_AUTORELEASING = YES;
				CLANG_WARN_BOOL_CONVERSION = YES;
				CLANG_WARN_COMMA = YES;
				CLANG_WARN_CONSTANT_CONVERSION = YES;
				CLANG_WARN_DEPRECATED_OBJC_IMPLEMENTATIONS = YES;
				CLANG_WARN_DIRECT_OBJC_ISA_USAGE = YES_ERROR;
				CLANG_WARN_DOCUMENTATION_COMMENTS = YES;
				CLANG_WARN_EMPTY_BODY = YES;
				CLANG_WARN_ENUM_CONVERSION = YES;
				CLANG_WARN_INFINITE_RECURSION = YES;
				CLANG_WARN_INT_CONVERSION = YES;
				CLANG_WARN_NON_LITERAL_NULL_CONVERSION = YES;
				CLANG_WARN_OBJC_IMPLICIT_RETAIN_SELF = YES;
				CLANG_WARN_OBJC_LITERAL_CONVERSION = YES;
				CLANG_WARN_OBJC_ROOT_CLASS = YES_ERROR;
				CLANG_WARN_QUOTED_INCLUDE_IN_FRAMEWORK_HEADER = YES;
				CLANG_WARN_RANGE_LOOP_ANALYSIS = YES;
				CLANG_WARN_STRICT_PROTOTYPES = YES;
				CLANG_WARN_SUSPICIOUS_MOVE = YES;
				CLANG_WARN_UNGUARDED_AVAILABILITY = YES_AGGRESSIVE;
				CLANG_WARN_UNREACHABLE_CODE = YES;
				CLANG_WARN__DUPLICATE_METHOD_MATCH = YES;
				COPY_PHASE_STRIP = NO;
				DEBUG_INFORMATION_FORMAT = "dwarf-with-dsym";
				ENABLE_NS_ASSERTIONS = NO;
				ENABLE_STRICT_OBJC_MSGSEND = YES;
				GCC_C_LANGUAGE_STANDARD = gnu11;
				GCC_NO_COMMON_BLOCKS = YES;
				GCC_WARN_64_TO_32_BIT_CONVERSION = YES;
				GCC_WARN_ABOUT_RETURN_TYPE = YES_ERROR;
				GCC_WARN_UNDECLARED_SELECTOR = YES;
				GCC_WARN_UNINITIALIZED_AUTOS = YES_AGGRESSIVE;
				GCC_WARN_UNUSED_FUNCTION = YES;
				GCC_WARN_UNUSED_VARIABLE = YES;
				IPHONEOS_DEPLOYMENT_TARGET = 16.1;
				MTL_ENABLE_DEBUG_INFO = NO;
				MTL_FAST_MATH = YES;
				SDKROOT = iphoneos;
				SWIFT_COMPILATION_MODE = wholemodule;
				SWIFT_OPTIMIZATION_LEVEL = "-O";
				VALIDATE_PRODUCT = YES;
			};
			name = Release;
		};
		03B4E0B2296EAD490020B465 /* Debug */ = {
			isa = XCBuildConfiguration;
			buildSettings = {
				ASSETCATALOG_COMPILER_APPICON_NAME = AppIcon;
				ASSETCATALOG_COMPILER_GLOBAL_ACCENT_COLOR_NAME = AccentColor;
				CODE_SIGN_STYLE = Automatic;
				CURRENT_PROJECT_VERSION = 1;
				DEVELOPMENT_TEAM = GT794D82Y9;
				GENERATE_INFOPLIST_FILE = YES;
				INFOPLIST_FILE = ScanAddressAndValidationRealTime/Info.plist;
				INFOPLIST_KEY_NSCameraUsageDescription = "This app requires access to the camera.";
				INFOPLIST_KEY_NSPhotoLibraryUsageDescription = "This app requires access to the photo library.";
				INFOPLIST_KEY_UIApplicationSupportsIndirectInputEvents = YES;
				INFOPLIST_KEY_UILaunchStoryboardName = LaunchScreen;
				INFOPLIST_KEY_UIMainStoryboardFile = Main;
				INFOPLIST_KEY_UISupportedInterfaceOrientations = UIInterfaceOrientationPortrait;
				LD_RUNPATH_SEARCH_PATHS = (
					"$(inherited)",
					"@executable_path/Frameworks",
				);
				MARKETING_VERSION = 1.0;
				PRODUCT_BUNDLE_IDENTIFIER = scanAddressRealTime.ScanAddressAndValidationRealTime;
				PRODUCT_NAME = "$(TARGET_NAME)";
				SWIFT_EMIT_LOC_STRINGS = YES;
				SWIFT_VERSION = 5.0;
				TARGETED_DEVICE_FAMILY = "1,2";
			};
			name = Debug;
		};
		03B4E0B3296EAD490020B465 /* Release */ = {
			isa = XCBuildConfiguration;
			buildSettings = {
				ASSETCATALOG_COMPILER_APPICON_NAME = AppIcon;
				ASSETCATALOG_COMPILER_GLOBAL_ACCENT_COLOR_NAME = AccentColor;
				CODE_SIGN_STYLE = Automatic;
				CURRENT_PROJECT_VERSION = 1;
				DEVELOPMENT_TEAM = GT794D82Y9;
				GENERATE_INFOPLIST_FILE = YES;
				INFOPLIST_FILE = ScanAddressAndValidationRealTime/Info.plist;
				INFOPLIST_KEY_NSCameraUsageDescription = "This app requires access to the camera.";
				INFOPLIST_KEY_NSPhotoLibraryUsageDescription = "This app requires access to the photo library.";
				INFOPLIST_KEY_UIApplicationSupportsIndirectInputEvents = YES;
				INFOPLIST_KEY_UILaunchStoryboardName = LaunchScreen;
				INFOPLIST_KEY_UIMainStoryboardFile = Main;
				INFOPLIST_KEY_UISupportedInterfaceOrientations = UIInterfaceOrientationPortrait;
				LD_RUNPATH_SEARCH_PATHS = (
					"$(inherited)",
					"@executable_path/Frameworks",
				);
				MARKETING_VERSION = 1.0;
				PRODUCT_BUNDLE_IDENTIFIER = scanAddressRealTime.ScanAddressAndValidationRealTime;
				PRODUCT_NAME = "$(TARGET_NAME)";
				SWIFT_EMIT_LOC_STRINGS = YES;
				SWIFT_VERSION = 5.0;
				TARGETED_DEVICE_FAMILY = "1,2";
			};
			name = Release;
		};
/* End XCBuildConfiguration section */

/* Begin XCConfigurationList section */
		03B4E098296EAD470020B465 /* Build configuration list for PBXProject "ScanAddressAndValidationRealTime" */ = {
			isa = XCConfigurationList;
			buildConfigurations = (
				03B4E0AF296EAD490020B465 /* Debug */,
				03B4E0B0296EAD490020B465 /* Release */,
			);
			defaultConfigurationIsVisible = 0;
			defaultConfigurationName = Release;
		};
		03B4E0B1296EAD490020B465 /* Build configuration list for PBXNativeTarget "ScanAddressAndValidationRealTime" */ = {
			isa = XCConfigurationList;
			buildConfigurations = (
				03B4E0B2296EAD490020B465 /* Debug */,
				03B4E0B3296EAD490020B465 /* Release */,
			);
			defaultConfigurationIsVisible = 0;
			defaultConfigurationName = Release;
		};
/* End XCConfigurationList section */
	};
	rootObject = 03B4E095296EAD470020B465 /* Project object */;
}
